
Microsoft Visual Studio Solution File, Format Version 12.00
# Visual Studio 15
VisualStudioVersion = 15.0.28010.2041
MinimumVisualStudioVersion = 10.0.40219.1
Project("{9A19103F-16F7-4668-BE54-9A1E7A4F7556}") = "RecipeDepot", "RecipeDepot\RecipeDepot.csproj", "{D1A9F83F-5E54-42A6-8490-4727FDC450C9}"
EndProject
Project("{9A19103F-16F7-4668-BE54-9A1E7A4F7556}") = "RecipeDepotData", "RecipeDepotData\RecipeDepotData.csproj", "{4FCDC599-3697-4FFB-8E21-E9C1957F8C1E}"
EndProject
Project("{FAE04EC0-301F-11D3-BF4B-00C04F79EFBC}") = "RecipeDepotService", "RecipeDepotService\RecipeDepotService.csproj", "{6ACA0957-D0C3-47BD-9A58-22E80133F008}"
EndProject
Global
	GlobalSection(SolutionConfigurationPlatforms) = preSolution
		Debug|Any CPU = Debug|Any CPU
		Release|Any CPU = Release|Any CPU
	EndGlobalSection
	GlobalSection(ProjectConfigurationPlatforms) = postSolution
		{D1A9F83F-5E54-42A6-8490-4727FDC450C9}.Debug|Any CPU.ActiveCfg = Debug|Any CPU
		{D1A9F83F-5E54-42A6-8490-4727FDC450C9}.Debug|Any CPU.Build.0 = Debug|Any CPU
		{D1A9F83F-5E54-42A6-8490-4727FDC450C9}.Release|Any CPU.ActiveCfg = Release|Any CPU
		{D1A9F83F-5E54-42A6-8490-4727FDC450C9}.Release|Any CPU.Build.0 = Release|Any CPU
		{4FCDC599-3697-4FFB-8E21-E9C1957F8C1E}.Debug|Any CPU.ActiveCfg = Debug|Any CPU
		{4FCDC599-3697-4FFB-8E21-E9C1957F8C1E}.Debug|Any CPU.Build.0 = Debug|Any CPU
		{4FCDC599-3697-4FFB-8E21-E9C1957F8C1E}.Release|Any CPU.ActiveCfg = Release|Any CPU
		{4FCDC599-3697-4FFB-8E21-E9C1957F8C1E}.Release|Any CPU.Build.0 = Release|Any CPU
		{6ACA0957-D0C3-47BD-9A58-22E80133F008}.Debug|Any CPU.ActiveCfg = Debug|Any CPU
		{6ACA0957-D0C3-47BD-9A58-22E80133F008}.Debug|Any CPU.Build.0 = Debug|Any CPU
		{6ACA0957-D0C3-47BD-9A58-22E80133F008}.Release|Any CPU.ActiveCfg = Release|Any CPU
		{6ACA0957-D0C3-47BD-9A58-22E80133F008}.Release|Any CPU.Build.0 = Release|Any CPU
	EndGlobalSection
	GlobalSection(SolutionProperties) = preSolution
		HideSolutionNode = FALSE
	EndGlobalSection
	GlobalSection(ExtensibilityGlobals) = postSolution
		SolutionGuid = {990DBB00-BB06-4EC2-A619-814F249B6298}
	EndGlobalSection
EndGlobal
